<?xml version="1.0" encoding="utf-8"?>
<Project ToolsVersion="4.0" xmlns="http://schemas.microsoft.com/developer/msbuild/2003">
  <ItemGroup>
    <Filter Include="源文件">
      <UniqueIdentifier>{4FC737F1-C7A5-4376-A066-2A32D752A2FF}</UniqueIdentifier>
      <Extensions>cpp;c;cc;cxx;c++;cppm;ixx;def;odl;idl;hpj;bat;asm;asmx</Extensions>
    </Filter>
    <Filter Include="头文件">
      <UniqueIdentifier>{93995380-89BD-4b04-88EB-625FBE52EBFB}</UniqueIdentifier>
      <Extensions>h;hh;hpp;hxx;h++;hm;inl;inc;ipp;xsd</Extensions>
    </Filter>
    <Filter Include="资源文件">
      <UniqueIdentifier>{67DA6AB6-F800-4c08-8B7A-83BB121AAD01}</UniqueIdentifier>
      <Extensions>rc;ico;cur;bmp;dlg;rc2;rct;bin;rgs;gif;jpg;jpeg;jpe;resx;tiff;tif;png;wav;mfcribbon-ms</Extensions>
    </Filter>
    <Filter Include="源文件\resources">
      <UniqueIdentifier>{5de18c9b-3617-45cc-bcc0-8ed30531fcc5}</UniqueIdentifier>
    </Filter>
    <Filter Include="源文件\chapter01">
      <UniqueIdentifier>{78b5dda1-c164-47f4-ac32-c9814f5eb69d}</UniqueIdentifier>
    </Filter>
    <Filter Include="源文件\chapter02">
      <UniqueIdentifier>{ba2cb0ef-f072-41c2-97d3-aa3d73549817}</UniqueIdentifier>
    </Filter>
    <Filter Include="源文件\chapter03">
      <UniqueIdentifier>{e69c61aa-1d03-4ea2-b750-e221780783d2}</UniqueIdentifier>
    </Filter>
    <Filter Include="源文件\chapter04">
      <UniqueIdentifier>{d8bd316b-f3fb-4666-88b1-cf778b33a0f9}</UniqueIdentifier>
    </Filter>
    <Filter Include="源文件\chapter05">
      <UniqueIdentifier>{a4cc019e-fa34-460b-8879-0b3ac97209ff}</UniqueIdentifier>
    </Filter>
    <Filter Include="源文件\chapter06">
      <UniqueIdentifier>{d57472bc-445c-4a60-b8bd-12768fbed66f}</UniqueIdentifier>
    </Filter>
  </ItemGroup>
  <ItemGroup>
    <ClCompile Include="glad.c">
      <Filter>头文件</Filter>
    </ClCompile>
    <ClCompile Include="start01.cpp">
      <Filter>源文件\chapter01</Filter>
    </ClCompile>
    <ClCompile Include="start02.cpp">
      <Filter>源文件\chapter02</Filter>
    </ClCompile>
    <ClCompile Include="start03.cpp">
      <Filter>源文件\chapter03</Filter>
    </ClCompile>
    <ClCompile Include="..\..\ex_libary\Include\imgui\imgui.cpp">
      <Filter>头文件</Filter>
    </ClCompile>
    <ClCompile Include="..\..\ex_libary\Include\imgui\imgui_demo.cpp">
      <Filter>头文件</Filter>
    </ClCompile>
    <ClCompile Include="..\..\ex_libary\Include\imgui\imgui_draw.cpp">
      <Filter>头文件</Filter>
    </ClCompile>
    <ClCompile Include="..\..\ex_libary\Include\imgui\imgui_impl_glfw.cpp">
      <Filter>头文件</Filter>
    </ClCompile>
    <ClCompile Include="..\..\ex_libary\Include\imgui\imgui_impl_opengl3.cpp">
      <Filter>头文件</Filter>
    </ClCompile>
    <ClCompile Include="..\..\ex_libary\Include\imgui\imgui_tables.cpp">
      <Filter>头文件</Filter>
    </ClCompile>
    <ClCompile Include="..\..\ex_libary\Include\imgui\imgui_widgets.cpp">
      <Filter>头文件</Filter>
    </ClCompile>
    <ClCompile Include="start04.cpp">
      <Filter>源文件\chapter04</Filter>
    </ClCompile>
    <ClCompile Include="test04.cpp">
      <Filter>源文件\chapter04</Filter>
    </ClCompile>
    <ClCompile Include="start05.cpp">
      <Filter>源文件\chapter05</Filter>
    </ClCompile>
    <ClCompile Include="start06.cpp">
      <Filter>源文件\chapter06</Filter>
    </ClCompile>
  </ItemGroup>
  <ItemGroup>
    <Image Include="C:\Users\peng\OneDrive\图片\本机照片\wall.png">
      <Filter>源文件\chapter01</Filter>
    </Image>
    <Image Include="C:\Users\peng\OneDrive\图片\Saved Pictures\wall.jpeg">
      <Filter>源文件\chapter01</Filter>
    </Image>
  </ItemGroup>
  <ItemGroup>
    <None Include="vertex.glsl">
      <Filter>源文件\chapter01</Filter>
    </None>
    <None Include="fragment.glsl">
      <Filter>源文件\chapter01</Filter>
    </None>
    <None Include="fragmentShader.glsl">
      <Filter>源文件\chapter02</Filter>
    </None>
    <None Include="vertexShader.glsl">
      <Filter>源文件\chapter02</Filter>
    </None>
    <None Include="fragment03.glsl">
      <Filter>源文件\chapter03</Filter>
    </None>
    <None Include="vertex03.glsl">
      <Filter>源文件\chapter03</Filter>
    </None>
    <None Include="Torus_fragment04.glsl">
      <Filter>源文件\chapter04</Filter>
    </None>
    <None Include="Torus_vertex04.glsl">
      <Filter>源文件\chapter04</Filter>
    </None>
    <None Include="Sphere_fragment.glsl">
      <Filter>源文件\chapter04</Filter>
    </None>
    <None Include="Sphere_vertex.glsl">
      <Filter>源文件\chapter04</Filter>
    </None>
    <None Include="vertex05.glsl">
      <Filter>源文件\chapter05</Filter>
    </None>
    <None Include="fragment05.glsl">
      <Filter>源文件\chapter05</Filter>
    </None>
    <None Include="cubemapsVertex.glsl">
      <Filter>源文件\chapter06</Filter>
    </None>
    <None Include="cubemapsFragment.glsl">
      <Filter>源文件\chapter06</Filter>
    </None>
    <None Include="skyboxVertex.glsl">
      <Filter>源文件\chapter06</Filter>
    </None>
    <None Include="skyboxFragment.glsl">
      <Filter>源文件\chapter06</Filter>
    </None>
    <None Include="readme1.md">
      <Filter>源文件\chapter01</Filter>
    </None>
  </ItemGroup>
  <ItemGroup>
    <ClInclude Include="..\..\ex_libary\Include\imgui\imconfig.h">
      <Filter>头文件</Filter>
    </ClInclude>
    <ClInclude Include="..\..\ex_libary\Include\imgui\imgui.h">
      <Filter>头文件</Filter>
    </ClInclude>
    <ClInclude Include="..\..\ex_libary\Include\imgui\imgui_impl_glfw.h">
      <Filter>头文件</Filter>
    </ClInclude>
    <ClInclude Include="..\..\ex_libary\Include\imgui\imgui_impl_opengl3.h">
      <Filter>头文件</Filter>
    </ClInclude>
    <ClInclude Include="..\..\ex_libary\Include\imgui\imgui_internal.h">
      <Filter>头文件</Filter>
    </ClInclude>
    <ClInclude Include="..\..\ex_libary\Include\imgui\imstb_rectpack.h">
      <Filter>头文件</Filter>
    </ClInclude>
    <ClInclude Include="..\..\ex_libary\Include\imgui\imstb_textedit.h">
      <Filter>头文件</Filter>
    </ClInclude>
    <ClInclude Include="..\..\ex_libary\Include\imgui\imstb_truetype.h">
      <Filter>头文件</Filter>
    </ClInclude>
    <ClInclude Include="..\..\ex_libary\Include\imgui\imgui_impl_opengl3_loader.h">
      <Filter>头文件</Filter>
    </ClInclude>
    <ClInclude Include="标头.h">
      <Filter>头文件</Filter>
    </ClInclude>
  </ItemGroup>
</Project>